
Microsoft Visual Studio Solution File, Format Version 12.00
# Visual Studio Version 17
VisualStudioVersion = 17.11.35303.130
MinimumVisualStudioVersion = 10.0.40219.1
Project("{FAE04EC0-301F-11D3-BF4B-00C04F79EFBC}") = "ClientSiteLibrarayManagementSystem", "ClientSiteLibrarayManagementSystem\ClientSiteLibrarayManagementSystem.csproj", "{8E54DDDB-F6E1-44B1-BCD4-36DF851160BA}"
EndProject
Global
	GlobalSection(SolutionConfigurationPlatforms) = preSolution
		Debug|Any CPU = Debug|Any CPU
		Release|Any CPU = Release|Any CPU
	EndGlobalSection
	GlobalSection(ProjectConfigurationPlatforms) = postSolution
		{8E54DDDB-F6E1-44B1-BCD4-36DF851160BA}.Debug|Any CPU.ActiveCfg = Debug|Any CPU
		{8E54DDDB-F6E1-44B1-BCD4-36DF851160BA}.Debug|Any CPU.Build.0 = Debug|Any CPU
		{8E54DDDB-F6E1-44B1-BCD4-36DF851160BA}.Release|Any CPU.ActiveCfg = Release|Any CPU
		{8E54DDDB-F6E1-44B1-BCD4-36DF851160BA}.Release|Any CPU.Build.0 = Release|Any CPU
	EndGlobalSection
	GlobalSection(SolutionProperties) = preSolution
		HideSolutionNode = FALSE
	EndGlobalSection
	GlobalSection(ExtensibilityGlobals) = postSolution
		SolutionGuid = {D140271F-9A7C-4273-82AB-D8C595776AA5}
	EndGlobalSection
EndGlobal
